
Microsoft Visual Studio Solution File, Format Version 12.00
# Visual Studio Version 17
VisualStudioVersion = 17.8.34322.80
MinimumVisualStudioVersion = 10.0.40219.1
Project("{FAE04EC0-301F-11D3-BF4B-00C04F79EFBC}") = "BlazorApp", "src\BlazorApp\BlazorApp\BlazorApp.csproj", "{53D6CCF7-45CB-45BD-A8D8-1BEFD8511C74}"
EndProject
Project("{FAE04EC0-301F-11D3-BF4B-00C04F79EFBC}") = "BlazorApp.Client", "src\BlazorApp\BlazorApp.Client\BlazorApp.Client.csproj", "{C330E7BA-E949-47F1-8AC9-BED26DFD3ABB}"
EndProject
Global
	GlobalSection(SolutionConfigurationPlatforms) = preSolution
		Debug|Any CPU = Debug|Any CPU
		Release|Any CPU = Release|Any CPU
	EndGlobalSection
	GlobalSection(ProjectConfigurationPlatforms) = postSolution
		{53D6CCF7-45CB-45BD-A8D8-1BEFD8511C74}.Debug|Any CPU.ActiveCfg = Debug|Any CPU
		{53D6CCF7-45CB-45BD-A8D8-1BEFD8511C74}.Debug|Any CPU.Build.0 = Debug|Any CPU
		{53D6CCF7-45CB-45BD-A8D8-1BEFD8511C74}.Release|Any CPU.ActiveCfg = Release|Any CPU
		{53D6CCF7-45CB-45BD-A8D8-1BEFD8511C74}.Release|Any CPU.Build.0 = Release|Any CPU
		{C330E7BA-E949-47F1-8AC9-BED26DFD3ABB}.Debug|Any CPU.ActiveCfg = Debug|Any CPU
		{C330E7BA-E949-47F1-8AC9-BED26DFD3ABB}.Debug|Any CPU.Build.0 = Debug|Any CPU
		{C330E7BA-E949-47F1-8AC9-BED26DFD3ABB}.Release|Any CPU.ActiveCfg = Release|Any CPU
		{C330E7BA-E949-47F1-8AC9-BED26DFD3ABB}.Release|Any CPU.Build.0 = Release|Any CPU
	EndGlobalSection
	GlobalSection(SolutionProperties) = preSolution
		HideSolutionNode = FALSE
	EndGlobalSection
	GlobalSection(ExtensibilityGlobals) = postSolution
		SolutionGuid = {4DC77B08-AD1E-450F-B79F-90AC4EF915D5}
	EndGlobalSection
EndGlobal
